
Microsoft Visual Studio Solution File, Format Version 12.00
# Visual Studio Version 17
VisualStudioVersion = 17.7.34024.191
MinimumVisualStudioVersion = 10.0.40219.1
Project("{FAE04EC0-301F-11D3-BF4B-00C04F79EFBC}") = "WallpaperAI", "WallpaperAI\WallpaperAI.csproj", "{8CBE4043-2A7C-4A6B-B70D-CE1DBC94C34C}"
EndProject
Global
	GlobalSection(SolutionConfigurationPlatforms) = preSolution
		Debug|Any CPU = Debug|Any CPU
		Release|Any CPU = Release|Any CPU
	EndGlobalSection
	GlobalSection(ProjectConfigurationPlatforms) = postSolution
		{8CBE4043-2A7C-4A6B-B70D-CE1DBC94C34C}.Debug|Any CPU.ActiveCfg = Debug|Any CPU
		{8CBE4043-2A7C-4A6B-B70D-CE1DBC94C34C}.Debug|Any CPU.Build.0 = Debug|Any CPU
		{8CBE4043-2A7C-4A6B-B70D-CE1DBC94C34C}.Release|Any CPU.ActiveCfg = Release|Any CPU
		{8CBE4043-2A7C-4A6B-B70D-CE1DBC94C34C}.Release|Any CPU.Build.0 = Release|Any CPU
	EndGlobalSection
	GlobalSection(SolutionProperties) = preSolution
		HideSolutionNode = FALSE
	EndGlobalSection
	GlobalSection(ExtensibilityGlobals) = postSolution
		SolutionGuid = {E8B6692F-BF52-4302-897C-8CF8788EEF92}
	EndGlobalSection
EndGlobal
